
Microsoft Visual Studio Solution File, Format Version 12.00
# Visual Studio Version 17
VisualStudioVersion = 17.7.34003.232
MinimumVisualStudioVersion = 10.0.40219.1
Project("{FAE04EC0-301F-11D3-BF4B-00C04F79EFBC}") = "PaymentAPI", "PaymentAPI\PaymentAPI.csproj", "{8121474D-EA1E-4005-BBC2-BA11CE8BBC61}"
EndProject
Global
	GlobalSection(SolutionConfigurationPlatforms) = preSolution
		Debug|Any CPU = Debug|Any CPU
		Release|Any CPU = Release|Any CPU
	EndGlobalSection
	GlobalSection(ProjectConfigurationPlatforms) = postSolution
		{8121474D-EA1E-4005-BBC2-BA11CE8BBC61}.Debug|Any CPU.ActiveCfg = Debug|Any CPU
		{8121474D-EA1E-4005-BBC2-BA11CE8BBC61}.Debug|Any CPU.Build.0 = Debug|Any CPU
		{8121474D-EA1E-4005-BBC2-BA11CE8BBC61}.Release|Any CPU.ActiveCfg = Release|Any CPU
		{8121474D-EA1E-4005-BBC2-BA11CE8BBC61}.Release|Any CPU.Build.0 = Release|Any CPU
	EndGlobalSection
	GlobalSection(SolutionProperties) = preSolution
		HideSolutionNode = FALSE
	EndGlobalSection
	GlobalSection(ExtensibilityGlobals) = postSolution
		SolutionGuid = {E6051621-9B4D-4EB1-A803-57B6A75450BA}
	EndGlobalSection
EndGlobal
